
Microsoft Visual Studio Solution File, Format Version 12.00
# Visual Studio Version 16
VisualStudioVersion = 16.0.31729.503
MinimumVisualStudioVersion = 10.0.40219.1
Project("{FAE04EC0-301F-11D3-BF4B-00C04F79EFBC}") = "EmployeeeWage", "EmployeeeWage\EmployeeeWage.csproj", "{3C161C8D-0875-4A07-9B5A-6CF450D04249}"
EndProject
Global
	GlobalSection(SolutionConfigurationPlatforms) = preSolution
		Debug|Any CPU = Debug|Any CPU
		Release|Any CPU = Release|Any CPU
	EndGlobalSection
	GlobalSection(ProjectConfigurationPlatforms) = postSolution
		{3C161C8D-0875-4A07-9B5A-6CF450D04249}.Debug|Any CPU.ActiveCfg = Debug|Any CPU
		{3C161C8D-0875-4A07-9B5A-6CF450D04249}.Debug|Any CPU.Build.0 = Debug|Any CPU
		{3C161C8D-0875-4A07-9B5A-6CF450D04249}.Release|Any CPU.ActiveCfg = Release|Any CPU
		{3C161C8D-0875-4A07-9B5A-6CF450D04249}.Release|Any CPU.Build.0 = Release|Any CPU
	EndGlobalSection
	GlobalSection(SolutionProperties) = preSolution
		HideSolutionNode = FALSE
	EndGlobalSection
	GlobalSection(ExtensibilityGlobals) = postSolution
		SolutionGuid = {9215F4FC-7742-4C4F-AC25-6E6D13395376}
	EndGlobalSection
EndGlobal
